// !$*UTF8*$!
{
	archiveVersion = 1;
	classes = {
	};
	objectVersion = 48;
	objects = {

/* Begin PBXBuildFile section */
		EB26A67E2083801100E5D440 /* Body.swift in Sources */ = {isa = PBXBuildFile; fileRef = EB26A67D2083801100E5D440 /* Body.swift */; };
		EB26A6802083805D00E5D440 /* CritterAnimatable.swift in Sources */ = {isa = PBXBuildFile; fileRef = EB26A67F2083805D00E5D440 /* CritterAnimatable.swift */; };
		EB26A6822083A3F900E5D440 /* Degree.swift in Sources */ = {isa = PBXBuildFile; fileRef = EB26A6812083A3F900E5D440 /* Degree.swift */; };
		EB26A6842083A53100E5D440 /* Head.swift in Sources */ = {isa = PBXBuildFile; fileRef = EB26A6832083A53100E5D440 /* Head.swift */; };
		EB26A6862083ABE700E5D440 /* LeftEar.swift in Sources */ = {isa = PBXBuildFile; fileRef = EB26A6852083ABE700E5D440 /* LeftEar.swift */; };
		EB26A6882083AF5200E5D440 /* RightEar.swift in Sources */ = {isa = PBXBuildFile; fileRef = EB26A6872083AF5200E5D440 /* RightEar.swift */; };
		EB26A68A2083B12B00E5D440 /* LeftEarMask.swift in Sources */ = {isa = PBXBuildFile; fileRef = EB26A6892083B12B00E5D440 /* LeftEarMask.swift */; };
		EB26A68C2083B42100E5D440 /* RightEarMask.swift in Sources */ = {isa = PBXBuildFile; fileRef = EB26A68B2083B42100E5D440 /* RightEarMask.swift */; };
		EB26A68E2083B5B200E5D440 /* LeftEye.swift in Sources */ = {isa = PBXBuildFile; fileRef = EB26A68D2083B5B200E5D440 /* LeftEye.swift */; };
		EB26A6902083B82700E5D440 /* RightEye.swift in Sources */ = {isa = PBXBuildFile; fileRef = EB26A68F2083B82700E5D440 /* RightEye.swift */; };
		EB26A6922083B9EF00E5D440 /* Muzzle.swift in Sources */ = {isa = PBXBuildFile; fileRef = EB26A6912083B9EF00E5D440 /* Muzzle.swift */; };
		EB26A6942083BB1A00E5D440 /* Nose.swift in Sources */ = {isa = PBXBuildFile; fileRef = EB26A6932083BB1A00E5D440 /* Nose.swift */; };
		EB26A6962083BCB400E5D440 /* Mouth.swift in Sources */ = {isa = PBXBuildFile; fileRef = EB26A6952083BCB400E5D440 /* Mouth.swift */; };
		EB7A27352073A4EE00C38FFF /* CATransform3D+Helper.swift in Sources */ = {isa = PBXBuildFile; fileRef = EB7A27342073A4EE00C38FFF /* CATransform3D+Helper.swift */; };
		EBADCC45208CA82700CE95C3 /* LeftArm.swift in Sources */ = {isa = PBXBuildFile; fileRef = EBADCC44208CA82700CE95C3 /* LeftArm.swift */; };
		EBADCC47208CA83000CE95C3 /* RightArm.swift in Sources */ = {isa = PBXBuildFile; fileRef = EBADCC46208CA83000CE95C3 /* RightArm.swift */; };
		EBBA760C206E6F020018CD99 /* AppDelegate.swift in Sources */ = {isa = PBXBuildFile; fileRef = EBBA760B206E6F020018CD99 /* AppDelegate.swift */; };
		EBBA760E206E6F020018CD99 /* LoginViewController.swift in Sources */ = {isa = PBXBuildFile; fileRef = EBBA760D206E6F020018CD99 /* LoginViewController.swift */; };
		EBBA7613206E6F020018CD99 /* Assets.xcassets in Resources */ = {isa = PBXBuildFile; fileRef = EBBA7612206E6F020018CD99 /* Assets.xcassets */; };
		EBBA7616206E6F020018CD99 /* LaunchScreen.storyboard in Resources */ = {isa = PBXBuildFile; fileRef = EBBA7614206E6F020018CD99 /* LaunchScreen.storyboard */; };
		EBBA7620206E6FDE0018CD99 /* UIColors+ColorPallete.swift in Sources */ = {isa = PBXBuildFile; fileRef = EBBA761F206E6FDE0018CD99 /* UIColors+ColorPallete.swift */; };
		EBBA7624206E73480018CD99 /* CritterView.swift in Sources */ = {isa = PBXBuildFile; fileRef = EBBA7623206E73480018CD99 /* CritterView.swift */; };
		EBDC9183206E7F8C00F95959 /* CritterAssets.swift in Sources */ = {isa = PBXBuildFile; fileRef = EBDC9182206E7F8C00F95959 /* CritterAssets.swift */; };
/* End PBXBuildFile section */

/* Begin PBXFileReference section */
		EB26A67D2083801100E5D440 /* Body.swift */ = {isa = PBXFileReference; lastKnownFileType = sourcecode.swift; path = Body.swift; sourceTree = "<group>"; };
		EB26A67F2083805D00E5D440 /* CritterAnimatable.swift */ = {isa = PBXFileReference; lastKnownFileType = sourcecode.swift; path = CritterAnimatable.swift; sourceTree = "<group>"; };
		EB26A6812083A3F900E5D440 /* Degree.swift */ = {isa = PBXFileReference; lastKnownFileType = sourcecode.swift; path = Degree.swift; sourceTree = "<group>"; };
		EB26A6832083A53100E5D440 /* Head.swift */ = {isa = PBXFileReference; lastKnownFileType = sourcecode.swift; path = Head.swift; sourceTree = "<group>"; };
		EB26A6852083ABE700E5D440 /* LeftEar.swift */ = {isa = PBXFileReference; lastKnownFileType = sourcecode.swift; path = LeftEar.swift; sourceTree = "<group>"; };
		EB26A6872083AF5200E5D440 /* RightEar.swift */ = {isa = PBXFileReference; lastKnownFileType = sourcecode.swift; path = RightEar.swift; sourceTree = "<group>"; };
		EB26A6892083B12B00E5D440 /* LeftEarMask.swift */ = {isa = PBXFileReference; lastKnownFileType = sourcecode.swift; path = LeftEarMask.swift; sourceTree = "<group>"; };
		EB26A68B2083B42100E5D440 /* RightEarMask.swift */ = {isa = PBXFileReference; lastKnownFileType = sourcecode.swift; path = RightEarMask.swift; sourceTree = "<group>"; };
		EB26A68D2083B5B200E5D440 /* LeftEye.swift */ = {isa = PBXFileReference; lastKnownFileType = sourcecode.swift; path = LeftEye.swift; sourceTree = "<group>"; };
		EB26A68F2083B82700E5D440 /* RightEye.swift */ = {isa = PBXFileReference; lastKnownFileType = sourcecode.swift; path = RightEye.swift; sourceTree = "<group>"; };
		EB26A6912083B9EF00E5D440 /* Muzzle.swift */ = {isa = PBXFileReference; lastKnownFileType = sourcecode.swift; path = Muzzle.swift; sourceTree = "<group>"; };
		EB26A6932083BB1A00E5D440 /* Nose.swift */ = {isa = PBXFileReference; lastKnownFileType = sourcecode.swift; path = Nose.swift; sourceTree = "<group>"; };
		EB26A6952083BCB400E5D440 /* Mouth.swift */ = {isa = PBXFileReference; lastKnownFileType = sourcecode.swift; path = Mouth.swift; sourceTree = "<group>"; };
		EB7A27342073A4EE00C38FFF /* CATransform3D+Helper.swift */ = {isa = PBXFileReference; lastKnownFileType = sourcecode.swift; path = "CATransform3D+Helper.swift"; sourceTree = "<group>"; };
		EBADCC44208CA82700CE95C3 /* LeftArm.swift */ = {isa = PBXFileReference; lastKnownFileType = sourcecode.swift; path = LeftArm.swift; sourceTree = "<group>"; };
		EBADCC46208CA83000CE95C3 /* RightArm.swift */ = {isa = PBXFileReference; lastKnownFileType = sourcecode.swift; path = RightArm.swift; sourceTree = "<group>"; };
		EBBA7608206E6F020018CD99 /* Login Critter.app */ = {isa = PBXFileReference; explicitFileType = wrapper.application; includeInIndex = 0; path = "Login Critter.app"; sourceTree = BUILT_PRODUCTS_DIR; };
		EBBA760B206E6F020018CD99 /* AppDelegate.swift */ = {isa = PBXFileReference; lastKnownFileType = sourcecode.swift; path = AppDelegate.swift; sourceTree = "<group>"; };
		EBBA760D206E6F020018CD99 /* LoginViewController.swift */ = {isa = PBXFileReference; lastKnownFileType = sourcecode.swift; path = LoginViewController.swift; sourceTree = "<group>"; };
		EBBA7612206E6F020018CD99 /* Assets.xcassets */ = {isa = PBXFileReference; lastKnownFileType = folder.assetcatalog; path = Assets.xcassets; sourceTree = "<group>"; };
		EBBA7615206E6F020018CD99 /* Base */ = {isa = PBXFileReference; lastKnownFileType = file.storyboard; name = Base; path = Base.lproj/LaunchScreen.storyboard; sourceTree = "<group>"; };
		EBBA7617206E6F020018CD99 /* Info.plist */ = {isa = PBXFileReference; lastKnownFileType = text.plist.xml; path = Info.plist; sourceTree = "<group>"; };
		EBBA761F206E6FDE0018CD99 /* UIColors+ColorPallete.swift */ = {isa = PBXFileReference; lastKnownFileType = sourcecode.swift; path = "UIColors+ColorPallete.swift"; sourceTree = "<group>"; };
		EBBA7623206E73480018CD99 /* CritterView.swift */ = {isa = PBXFileReference; lastKnownFileType = sourcecode.swift; path = CritterView.swift; sourceTree = "<group>"; };
		EBDC9182206E7F8C00F95959 /* CritterAssets.swift */ = {isa = PBXFileReference; lastKnownFileType = sourcecode.swift; path = CritterAssets.swift; sourceTree = "<group>"; };
/* End PBXFileReference section */

/* Begin PBXFrameworksBuildPhase section */
		EBBA7605206E6F020018CD99 /* Frameworks */ = {
			isa = PBXFrameworksBuildPhase;
			buildActionMask = 2147483647;
			files = (
			);
			runOnlyForDeploymentPostprocessing = 0;
		};
/* End PBXFrameworksBuildPhase section */

/* Begin PBXGroup section */
		EB26A67C20837FE300E5D440 /* Parts */ = {
			isa = PBXGroup;
			children = (
				EB26A67D2083801100E5D440 /* Body.swift */,
				EB26A6832083A53100E5D440 /* Head.swift */,
				EBADCC44208CA82700CE95C3 /* LeftArm.swift */,
				EB26A6852083ABE700E5D440 /* LeftEar.swift */,
				EB26A6892083B12B00E5D440 /* LeftEarMask.swift */,
				EB26A68D2083B5B200E5D440 /* LeftEye.swift */,
				EB26A6952083BCB400E5D440 /* Mouth.swift */,
				EB26A6912083B9EF00E5D440 /* Muzzle.swift */,
				EB26A6932083BB1A00E5D440 /* Nose.swift */,
				EBADCC46208CA83000CE95C3 /* RightArm.swift */,
				EB26A6872083AF5200E5D440 /* RightEar.swift */,
				EB26A68B2083B42100E5D440 /* RightEarMask.swift */,
				EB26A68F2083B82700E5D440 /* RightEye.swift */,
			);
			path = Parts;
			sourceTree = "<group>";
		};
		EB7A27332073A47700C38FFF /* Helpers */ = {
			isa = PBXGroup;
			children = (
				EB7A27342073A4EE00C38FFF /* CATransform3D+Helper.swift */,
				EB26A6812083A3F900E5D440 /* Degree.swift */,
				EBBA761F206E6FDE0018CD99 /* UIColors+ColorPallete.swift */,
			);
			path = Helpers;
			sourceTree = "<group>";
		};
		EB7A27362073A54100C38FFF /* Critter */ = {
			isa = PBXGroup;
			children = (
				EB26A67C20837FE300E5D440 /* Parts */,
				EB26A67F2083805D00E5D440 /* CritterAnimatable.swift */,
				EBDC9182206E7F8C00F95959 /* CritterAssets.swift */,
				EBBA7623206E73480018CD99 /* CritterView.swift */,
			);
			path = Critter;
			sourceTree = "<group>";
		};
		EBBA75FF206E6F020018CD99 = {
			isa = PBXGroup;
			children = (
				EBBA760A206E6F020018CD99 /* LoginCritter */,
				EBBA7609206E6F020018CD99 /* Products */,
			);
			sourceTree = "<group>";
		};
		EBBA7609206E6F020018CD99 /* Products */ = {
			isa = PBXGroup;
			children = (
				EBBA7608206E6F020018CD99 /* Login Critter.app */,
			);
			name = Products;
			sourceTree = "<group>";
		};
		EBBA760A206E6F020018CD99 /* LoginCritter */ = {
			isa = PBXGroup;
			children = (
				EBBA761D206E6F530018CD99 /* Sources */,
				EBBA7621206E71240018CD99 /* Resources */,
			);
			path = LoginCritter;
			sourceTree = "<group>";
		};
		EBBA761D206E6F530018CD99 /* Sources */ = {
			isa = PBXGroup;
			children = (
				EB7A27332073A47700C38FFF /* Helpers */,
				EBBA7622206E72270018CD99 /* Login */,
				EBBA760B206E6F020018CD99 /* AppDelegate.swift */,
				EBBA7614206E6F020018CD99 /* LaunchScreen.storyboard */,
			);
			path = Sources;
			sourceTree = "<group>";
		};
		EBBA7621206E71240018CD99 /* Resources */ = {
			isa = PBXGroup;
			children = (
				EBBA7612206E6F020018CD99 /* Assets.xcassets */,
				EBBA7617206E6F020018CD99 /* Info.plist */,
			);
			path = Resources;
			sourceTree = "<group>";
		};
		EBBA7622206E72270018CD99 /* Login */ = {
			isa = PBXGroup;
			children = (
				EB7A27362073A54100C38FFF /* Critter */,
				EBBA760D206E6F020018CD99 /* LoginViewController.swift */,
			);
			path = Login;
			sourceTree = "<group>";
		};
/* End PBXGroup section */

/* Begin PBXNativeTarget section */
		EBBA7607206E6F020018CD99 /* LoginCritter */ = {
			isa = PBXNativeTarget;
			buildConfigurationList = EBBA761A206E6F020018CD99 /* Build configuration list for PBXNativeTarget "LoginCritter" */;
			buildPhases = (
				EBBA7604206E6F020018CD99 /* Sources */,
				EBBA7605206E6F020018CD99 /* Frameworks */,
				EBBA7606206E6F020018CD99 /* Resources */,
			);
			buildRules = (
			);
			dependencies = (
			);
			name = LoginCritter;
			productName = LoginCritter;
			productReference = EBBA7608206E6F020018CD99 /* Login Critter.app */;
			productType = "com.apple.product-type.application";
		};
/* End PBXNativeTarget section */

/* Begin PBXProject section */
		EBBA7600206E6F020018CD99 /* Project object */ = {
			isa = PBXProject;
			attributes = {
				LastSwiftUpdateCheck = 0920;
				LastUpgradeCheck = 0930;
				ORGANIZATIONNAME = "Christopher Goldsby";
				TargetAttributes = {
					EBBA7607206E6F020018CD99 = {
						CreatedOnToolsVersion = 9.2;
						ProvisioningStyle = Automatic;
					};
				};
			};
			buildConfigurationList = EBBA7603206E6F020018CD99 /* Build configuration list for PBXProject "LoginCritter" */;
			compatibilityVersion = "Xcode 8.0";
			developmentRegion = en;
			hasScannedForEncodings = 0;
			knownRegions = (
				en,
				Base,
			);
			mainGroup = EBBA75FF206E6F020018CD99;
			productRefGroup = EBBA7609206E6F020018CD99 /* Products */;
			projectDirPath = "";
			projectRoot = "";
			targets = (
				EBBA7607206E6F020018CD99 /* LoginCritter */,
			);
		};
/* End PBXProject section */

/* Begin PBXResourcesBuildPhase section */
		EBBA7606206E6F020018CD99 /* Resources */ = {
			isa = PBXResourcesBuildPhase;
			buildActionMask = 2147483647;
			files = (
				EBBA7616206E6F020018CD99 /* LaunchScreen.storyboard in Resources */,
				EBBA7613206E6F020018CD99 /* Assets.xcassets in Resources */,
			);
			runOnlyForDeploymentPostprocessing = 0;
		};
/* End PBXResourcesBuildPhase section */

/* Begin PBXSourcesBuildPhase section */
		EBBA7604206E6F020018CD99 /* Sources */ = {
			isa = PBXSourcesBuildPhase;
			buildActionMask = 2147483647;
			files = (
				EB26A6802083805D00E5D440 /* CritterAnimatable.swift in Sources */,
				EB26A6822083A3F900E5D440 /* Degree.swift in Sources */,
				EBBA7624206E73480018CD99 /* CritterView.swift in Sources */,
				EBBA7620206E6FDE0018CD99 /* UIColors+ColorPallete.swift in Sources */,
				EB26A6902083B82700E5D440 /* RightEye.swift in Sources */,
				EB26A67E2083801100E5D440 /* Body.swift in Sources */,
				EB26A6922083B9EF00E5D440 /* Muzzle.swift in Sources */,
				EBADCC45208CA82700CE95C3 /* LeftArm.swift in Sources */,
				EB26A68E2083B5B200E5D440 /* LeftEye.swift in Sources */,
				EB26A6962083BCB400E5D440 /* Mouth.swift in Sources */,
				EBBA760E206E6F020018CD99 /* LoginViewController.swift in Sources */,
				EB26A68A2083B12B00E5D440 /* LeftEarMask.swift in Sources */,
				EBBA760C206E6F020018CD99 /* AppDelegate.swift in Sources */,
				EB26A6882083AF5200E5D440 /* RightEar.swift in Sources */,
				EBADCC47208CA83000CE95C3 /* RightArm.swift in Sources */,
				EB26A6942083BB1A00E5D440 /* Nose.swift in Sources */,
				EBDC9183206E7F8C00F95959 /* CritterAssets.swift in Sources */,
				EB26A6842083A53100E5D440 /* Head.swift in Sources */,
				EB26A68C2083B42100E5D440 /* RightEarMask.swift in Sources */,
				EB7A27352073A4EE00C38FFF /* CATransform3D+Helper.swift in Sources */,
				EB26A6862083ABE700E5D440 /* LeftEar.swift in Sources */,
			);
			runOnlyForDeploymentPostprocessing = 0;
		};
/* End PBXSourcesBuildPhase section */

/* Begin PBXVariantGroup section */
		EBBA7614206E6F020018CD99 /* LaunchScreen.storyboard */ = {
			isa = PBXVariantGroup;
			children = (
				EBBA7615206E6F020018CD99 /* Base */,
			);
			name = LaunchScreen.storyboard;
			sourceTree = "<group>";
		};
/* End PBXVariantGroup section */

/* Begin XCBuildConfiguration section */
		EBBA7618206E6F020018CD99 /* Debug */ = {
			isa = XCBuildConfiguration;
			buildSettings = {
				ALWAYS_SEARCH_USER_PATHS = NO;
				CLANG_ANALYZER_NONNULL = YES;
				CLANG_ANALYZER_NUMBER_OBJECT_CONVERSION = YES_AGGRESSIVE;
				CLANG_CXX_LANGUAGE_STANDARD = "gnu++14";
				CLANG_CXX_LIBRARY = "libc++";
				CLANG_ENABLE_MODULES = YES;
				CLANG_ENABLE_OBJC_ARC = YES;
				CLANG_WARN_BLOCK_CAPTURE_AUTORELEASING = YES;
				CLANG_WARN_BOOL_CONVERSION = YES;
				CLANG_WARN_COMMA = YES;
				CLANG_WARN_CONSTANT_CONVERSION = YES;
				CLANG_WARN_DEPRECATED_OBJC_IMPLEMENTATIONS = YES;
				CLANG_WARN_DIRECT_OBJC_ISA_USAGE = YES_ERROR;
				CLANG_WARN_DOCUMENTATION_COMMENTS = YES;
				CLANG_WARN_EMPTY_BODY = YES;
				CLANG_WARN_ENUM_CONVERSION = YES;
				CLANG_WARN_INFINITE_RECURSION = YES;
				CLANG_WARN_INT_CONVERSION = YES;
				CLANG_WARN_NON_LITERAL_NULL_CONVERSION = YES;
				CLANG_WARN_OBJC_IMPLICIT_RETAIN_SELF = YES;
				CLANG_WARN_OBJC_LITERAL_CONVERSION = YES;
				CLANG_WARN_OBJC_ROOT_CLASS = YES_ERROR;
				CLANG_WARN_RANGE_LOOP_ANALYSIS = YES;
				CLANG_WARN_STRICT_PROTOTYPES = YES;
				CLANG_WARN_SUSPICIOUS_MOVE = YES;
				CLANG_WARN_UNGUARDED_AVAILABILITY = YES_AGGRESSIVE;
				CLANG_WARN_UNREACHABLE_CODE = YES;
				CLANG_WARN__DUPLICATE_METHOD_MATCH = YES;
				CODE_SIGN_IDENTITY = "iPhone Developer";
				COPY_PHASE_STRIP = NO;
				DEBUG_INFORMATION_FORMAT = dwarf;
				ENABLE_STRICT_OBJC_MSGSEND = YES;
				ENABLE_TESTABILITY = YES;
				GCC_C_LANGUAGE_STANDARD = gnu11;
				GCC_DYNAMIC_NO_PIC = NO;
				GCC_NO_COMMON_BLOCKS = YES;
				GCC_OPTIMIZATION_LEVEL = 0;
				GCC_PREPROCESSOR_DEFINITIONS = (
					"DEBUG=1",
					"$(inherited)",
				);
				GCC_WARN_64_TO_32_BIT_CONVERSION = YES;
				GCC_WARN_ABOUT_RETURN_TYPE = YES_ERROR;
				GCC_WARN_UNDECLARED_SELECTOR = YES;
				GCC_WARN_UNINITIALIZED_AUTOS = YES_AGGRESSIVE;
				GCC_WARN_UNUSED_FUNCTION = YES;
				GCC_WARN_UNUSED_VARIABLE = YES;
				IPHONEOS_DEPLOYMENT_TARGET = 11.2;
				MTL_ENABLE_DEBUG_INFO = YES;
				ONLY_ACTIVE_ARCH = YES;
				SDKROOT = iphoneos;
				SWIFT_ACTIVE_COMPILATION_CONDITIONS = DEBUG;
				SWIFT_OPTIMIZATION_LEVEL = "-Onone";
			};
			name = Debug;
		};
		EBBA7619206E6F020018CD99 /* Release */ = {
			isa = XCBuildConfiguration;
			buildSettings = {
				ALWAYS_SEARCH_USER_PATHS = NO;
				CLANG_ANALYZER_NONNULL = YES;
				CLANG_ANALYZER_NUMBER_OBJECT_CONVERSION = YES_AGGRESSIVE;
				CLANG_CXX_LANGUAGE_STANDARD = "gnu++14";
				CLANG_CXX_LIBRARY = "libc++";
				CLANG_ENABLE_MODULES = YES;
				CLANG_ENABLE_OBJC_ARC = YES;
				CLANG_WARN_BLOCK_CAPTURE_AUTORELEASING = YES;
				CLANG_WARN_BOOL_CONVERSION = YES;
				CLANG_WARN_COMMA = YES;
				CLANG_WARN_CONSTANT_CONVERSION = YES;
				CLANG_WARN_DEPRECATED_OBJC_IMPLEMENTATIONS = YES;
				CLANG_WARN_DIRECT_OBJC_ISA_USAGE = YES_ERROR;
				CLANG_WARN_DOCUMENTATION_COMMENTS = YES;
				CLANG_WARN_EMPTY_BODY = YES;
				CLANG_WARN_ENUM_CONVERSION = YES;
				CLANG_WARN_INFINITE_RECURSION = YES;
				CLANG_WARN_INT_CONVERSION = YES;
				CLANG_WARN_NON_LITERAL_NULL_CONVERSION = YES;
				CLANG_WARN_OBJC_IMPLICIT_RETAIN_SELF = YES;
				CLANG_WARN_OBJC_LITERAL_CONVERSION = YES;
				CLANG_WARN_OBJC_ROOT_CLASS = YES_ERROR;
				CLANG_WARN_RANGE_LOOP_ANALYSIS = YES;
				CLANG_WARN_STRICT_PROTOTYPES = YES;
				CLANG_WARN_SUSPICIOUS_MOVE = YES;
				CLANG_WARN_UNGUARDED_AVAILABILITY = YES_AGGRESSIVE;
				CLANG_WARN_UNREACHABLE_CODE = YES;
				CLANG_WARN__DUPLICATE_METHOD_MATCH = YES;
				CODE_SIGN_IDENTITY = "iPhone Developer";
				COPY_PHASE_STRIP = NO;
				DEBUG_INFORMATION_FORMAT = "dwarf-with-dsym";
				ENABLE_NS_ASSERTIONS = NO;
				ENABLE_STRICT_OBJC_MSGSEND = YES;
				GCC_C_LANGUAGE_STANDARD = gnu11;
				GCC_NO_COMMON_BLOCKS = YES;
				GCC_WARN_64_TO_32_BIT_CONVERSION = YES;
				GCC_WARN_ABOUT_RETURN_TYPE = YES_ERROR;
				GCC_WARN_UNDECLARED_SELECTOR = YES;
				GCC_WARN_UNINITIALIZED_AUTOS = YES_AGGRESSIVE;
				GCC_WARN_UNUSED_FUNCTION = YES;
				GCC_WARN_UNUSED_VARIABLE = YES;
				IPHONEOS_DEPLOYMENT_TARGET = 11.2;
				MTL_ENABLE_DEBUG_INFO = NO;
				SDKROOT = iphoneos;
				SWIFT_OPTIMIZATION_LEVEL = "-Owholemodule";
				VALIDATE_PRODUCT = YES;
			};
			name = Release;
		};
		EBBA761B206E6F020018CD99 /* Debug */ = {
			isa = XCBuildConfiguration;
			buildSettings = {
				ASSETCATALOG_COMPILER_APPICON_NAME = AppIcon;
				CODE_SIGN_STYLE = Automatic;
				DEVELOPMENT_TEAM = AKFY9VS7WN;
				INFOPLIST_FILE = "$(SRCROOT)/LoginCritter/Resources/Info.plist";
				LD_RUNPATH_SEARCH_PATHS = "$(inherited) @executable_path/Frameworks";
				PRODUCT_BUNDLE_IDENTIFIER = com.cgoldsby.LoginCritter;
				PRODUCT_NAME = "Login Critter";
				SWIFT_VERSION = 4.0;
				TARGETED_DEVICE_FAMILY = "1,2";
			};
			name = Debug;
		};
		EBBA761C206E6F020018CD99 /* Release */ = {
			isa = XCBuildConfiguration;
			buildSettings = {
				ASSETCATALOG_COMPILER_APPICON_NAME = AppIcon;
				CODE_SIGN_STYLE = Automatic;
				DEVELOPMENT_TEAM = AKFY9VS7WN;
				INFOPLIST_FILE = "$(SRCROOT)/LoginCritter/Resources/Info.plist";
				LD_RUNPATH_SEARCH_PATHS = "$(inherited) @executable_path/Frameworks";
				PRODUCT_BUNDLE_IDENTIFIER = com.cgoldsby.LoginCritter;
				PRODUCT_NAME = "Login Critter";
				SWIFT_VERSION = 4.0;
				TARGETED_DEVICE_FAMILY = "1,2";
			};
			name = Release;
		};
/* End XCBuildConfiguration section */

/* Begin XCConfigurationList section */
		EBBA7603206E6F020018CD99 /* Build configuration list for PBXProject "LoginCritter" */ = {
			isa = XCConfigurationList;
			buildConfigurations = (
				EBBA7618206E6F020018CD99 /* Debug */,
				EBBA7619206E6F020018CD99 /* Release */,
			);
			defaultConfigurationIsVisible = 0;
			defaultConfigurationName = Release;
		};
		EBBA761A206E6F020018CD99 /* Build configuration list for PBXNativeTarget "LoginCritter" */ = {
			isa = XCConfigurationList;
			buildConfigurations = (
				EBBA761B206E6F020018CD99 /* Debug */,
				EBBA761C206E6F020018CD99 /* Release */,
			);
			defaultConfigurationIsVisible = 0;
			defaultConfigurationName = Release;
		};
/* End XCConfigurationList section */
	};
	rootObject = EBBA7600206E6F020018CD99 /* Project object */;
}
